{
    "_meta": {
        "hash": {
            "sha256": "ef02a5cd368cf3ad3f2086d7b187b35e270f9ec036fff189002aba71f610e0bf"
        },
        "pipfile-spec": 6,
        "requires": {},
        "sources": [
            {
                "name": "pypi",
                "url": "https://pypi.org/simple",
                "verify_ssl": true
            }
        ]
    },
    "default": {
        "python-dotenv": {
            "hashes": [
                "sha256:1684eb44636dd462b66c3ee016599815514527ad99965de77f43e0944634a7e5",
                "sha256:b77d08274639e3d34145dfa6c7008e66df0f04b7be7a75fd0d5292c191d79045"
            ],
            "index": "pypi",
            "version": "==0.21.0"
        }
    },
    "develop": {
        "attrs": {
            "hashes": [
                "sha256:29adc2665447e5191d0e7c568fde78b21f9672d344281d0c6e1ab085429b22b6",
                "sha256:86efa402f67bf2df34f51a335487cf46b1ec130d02b8d39fd248abfd30da551c"
            ],
            "markers": "python_version >= '3.5'",
            "version": "==22.1.0"
        },
        "certifi": {
            "hashes": [
                "sha256:0d9c601124e5a6ba9712dbc60d9c53c21e34f5f641fe83002317394311bdce14",
                "sha256:90c1a32f1d68f940488354e36370f6cca89f0f106db09518524c88d6ed83f382"
            ],
            "markers": "python_version >= '3.6'",
            "version": "==2022.9.24"
        },
        "charset-normalizer": {
            "hashes": [
                "sha256:5a3d016c7c547f69d6f81fb0db9449ce888b418b5b9952cc5e6e66843e9dd845",
                "sha256:83e9a75d1911279afd89352c68b45348559d1fc0506b054b346651b5e7fee29f"
            ],
            "markers": "python_full_version >= '3.6.0'",
            "version": "==2.1.1"
        },
        "docker": {
            "hashes": [
                "sha256:896c4282e5c7af5c45e8b683b0b0c33932974fe6e50fc6906a0a83616ab3da97",
                "sha256:dbcb3bd2fa80dca0788ed908218bf43972772009b881ed1e20dfc29a65e49782"
            ],
            "index": "pypi",
            "version": "==6.0.1"
        },
        "exceptiongroup": {
            "hashes": [
                "sha256:542adf9dea4055530d6e1279602fa5cb11dab2395fa650b8674eaec35fc4a828",
                "sha256:bd14967b79cd9bdb54d97323216f8fdf533e278df937aa2a90089e7d6e06e5ec"
            ],
            "markers": "python_version < '3.11'",
            "version": "==1.0.4"
        },
        "idna": {
            "hashes": [
                "sha256:814f528e8dead7d329833b91c5faa87d60bf71824cd12a7530b5526063d02cb4",
                "sha256:90b77e79eaa3eba6de819a0c442c0b4ceefc341a7a2ab77d7562bf49f425c5c2"
            ],
            "markers": "python_version >= '3.5'",
            "version": "==3.4"
        },
        "iniconfig": {
            "hashes": [
                "sha256:011e24c64b7f47f6ebd835bb12a743f2fbe9a26d4cecaa7f53bc4f35ee9da8b3",
                "sha256:bc3af051d7d14b2ee5ef9969666def0cd1a000e121eaea580d4a313df4b37f32"
            ],
            "version": "==1.1.1"
        },
        "packaging": {
            "hashes": [
                "sha256:dd47c42927d89ab911e606518907cc2d3a1f38bbd026385970643f9c5b8ecfeb",
                "sha256:ef103e05f519cdc783ae24ea4e2e0f508a9c99b2d4969652eed6a2e1ea5bd522"
            ],
            "markers": "python_version >= '3.6'",
            "version": "==21.3"
        },
        "pluggy": {
            "hashes": [
                "sha256:4224373bacce55f955a878bf9cfa763c1e360858e330072059e10bad68531159",
                "sha256:74134bbf457f031a36d68416e1509f34bd5ccc019f0bcc952c7b909d06b37bd3"
            ],
            "markers": "python_version >= '3.6'",
            "version": "==1.0.0"
        },
        "portforward": {
            "hashes": [
                "sha256:04e7da99185f8fd9ecbda118f0a63adb390987e226b4d3eb599dd4f039b6e591",
                "sha256:0ba3e2e1548746f62a1315424fe4638f96a6e7d183c7add9cb5d96d57374619a",
                "sha256:0df2fbfe403a3ce36421dd2ddb9eeeb13fe2588b40374a297315ae205a9a9f00",
                "sha256:1ce27189e481f48a515e825146825442a7be90be7bc83780fb4f0f015c1779ad",
                "sha256:277a39922fa86157afb89b379af395171294aa8b9f901069ac41d0418f26894f",
                "sha256:2b17af9bd6205a9cd4a89132aa9d7d9f37aebcba9d304d5cf07e503227222627",
                "sha256:325cb5c024a0159000f5aafdca22e439463b78c89ff82cd6d9bd9005668ac87d",
                "sha256:3b0a894c9362379649c96587ddeb9e94e2985621718554db59983fe2860bc3a9",
                "sha256:4e41d6aaabc4ec269940a4d272c760ae85ba29935961db7c36f2096260e8fd83",
                "sha256:744dab00f2a65f1864a783590a09a428cfeb47529aca9e649f8e71158ada9a67",
                "sha256:75a3936a0273d604832fd072c8aad3a89edd10d7cb2a2cf0304bbe07adef1b0e",
                "sha256:7f23bbb693f972239bb2d1693116605ce67d9319117b92328c5f22737c8272fa",
                "sha256:8a2be3406fc114564a713c97ba5a10500e923617852357e99d6452595037a91a",
                "sha256:9ec9c1f696fdec8c272280dadf2db578f1a26821edc35c291b483fa40bf59b67",
                "sha256:a177ff78c5248b089d73fc5f8b10e5890940dfbb5d41f5c22fbe846bcff7b3e1",
                "sha256:b19e2efc22c908254f5242946ea5f43671993b9407e19b3c69aa4b9849553a83",
                "sha256:bb608c9adb23bc310b8ba76c3f2050430b59cc573ed0ef9b2714267c4e46299e",
                "sha256:bc6827e73ff01a8dd5175e474706069c5a7332fdce9abcd8ec5348ed308a184c",
                "sha256:c34b6a813cfef7eefb98f754820c506c0a7037b866ae2d5570a802e1a835c876",
                "sha256:d8118e5148cd21f43ef48970b4b79e02c9a8d8b42c553be80fa6668f77fecc4f",
                "sha256:ef2f242eea85866f93b544302021f95b74a1349f6d223d8f4e2ac77f4cb95b2c"
            ],
            "index": "pypi",
            "version": "==0.3.0"
        },
        "pyparsing": {
            "hashes": [
                "sha256:2b020ecf7d21b687f219b71ecad3631f644a47f01403fa1d1036b0c6416d70fb",
                "sha256:5026bae9a10eeaefb61dab2f09052b9f4307d44aee4eda64b309723d8d206bbc"
            ],
            "markers": "python_full_version >= '3.6.8'",
            "version": "==3.0.9"
        },
        "pytest": {
            "hashes": [
                "sha256:892f933d339f068883b6fd5a459f03d85bfcb355e4981e146d2c7616c21fef71",
                "sha256:c4014eb40e10f11f355ad4e3c2fb2c6c6d1919c73f3b5a433de4708202cade59"
            ],
            "index": "pypi",
            "version": "==7.2.0"
        },
        "requests": {
            "hashes": [
                "sha256:7c5599b102feddaa661c826c56ab4fee28bfd17f5abca1ebbe3e7f19d7c97983",
                "sha256:8fefa2a1a1365bf5520aac41836fbee479da67864514bdb821f31ce07ce65349"
            ],
            "markers": "python_version >= '3.7' and python_version < '4'",
            "version": "==2.28.1"
        },
        "tomli": {
            "hashes": [
                "sha256:939de3e7a6161af0c887ef91b7d41a53e7c5a1ca976325f429cb46ea9bc30ecc",
                "sha256:de526c12914f0c550d15924c62d72abc48d6fe7364aa87328337a31007fe8a4f"
            ],
            "markers": "python_version < '3.11'",
            "version": "==2.0.1"
        },
        "urllib3": {
            "hashes": [
                "sha256:3fa96cf423e6987997fc326ae8df396db2a8b7c667747d47ddd8ecba91f4a74e",
                "sha256:b930dd878d5a8afb066a637fbb35144fe7901e3b209d1cd4f524bd0e9deee997"
            ],
            "markers": "python_version >= '2.7' and python_version not in '3.0, 3.1, 3.2, 3.3, 3.4, 3.5' and python_version < '4'",
            "version": "==1.26.12"
        },
        "websocket-client": {
            "hashes": [
                "sha256:d6b06432f184438d99ac1f456eaf22fe1ade524c3dd16e661142dc54e9cba574",
                "sha256:d6e8f90ca8e2dd4e8027c4561adeb9456b54044312dba655e7cae652ceb9ae59"
            ],
            "markers": "python_version >= '3.7'",
            "version": "==1.4.2"
        }
    }
}
